
Microsoft Visual Studio Solution File, Format Version 12.00
# Visual Studio 15
VisualStudioVersion = 15.0.28010.2016
MinimumVisualStudioVersion = 10.0.40219.1
Project("{FAE04EC0-301F-11D3-BF4B-00C04F79EFBC}") = "EjerciciosLibroCSharp", "EjerciciosLibroCSharp\EjerciciosLibroCSharp.csproj", "{A7A6137B-8224-4667-823B-2F41651FAD72}"
EndProject
Global
	GlobalSection(SolutionConfigurationPlatforms) = preSolution
		Debug|Any CPU = Debug|Any CPU
		Release|Any CPU = Release|Any CPU
	EndGlobalSection
	GlobalSection(ProjectConfigurationPlatforms) = postSolution
		{A7A6137B-8224-4667-823B-2F41651FAD72}.Debug|Any CPU.ActiveCfg = Debug|Any CPU
		{A7A6137B-8224-4667-823B-2F41651FAD72}.Debug|Any CPU.Build.0 = Debug|Any CPU
		{A7A6137B-8224-4667-823B-2F41651FAD72}.Release|Any CPU.ActiveCfg = Release|Any CPU
		{A7A6137B-8224-4667-823B-2F41651FAD72}.Release|Any CPU.Build.0 = Release|Any CPU
	EndGlobalSection
	GlobalSection(SolutionProperties) = preSolution
		HideSolutionNode = FALSE
	EndGlobalSection
	GlobalSection(ExtensibilityGlobals) = postSolution
		SolutionGuid = {D211D19E-6FB9-4495-B276-212CEF8625CD}
	EndGlobalSection
EndGlobal
